
Microsoft Visual Studio Solution File, Format Version 12.00
# Visual Studio Version 16
VisualStudioVersion = 16.0.32901.82
MinimumVisualStudioVersion = 10.0.40219.1
Project("{FAE04EC0-301F-11D3-BF4B-00C04F79EFBC}") = "5_6_Final_Project", "5_6_Final_Project\5_6_Final_Project.csproj", "{EAC5EFA8-584A-4030-B2F3-719F941AE1EA}"
EndProject
Global
	GlobalSection(SolutionConfigurationPlatforms) = preSolution
		Debug|Any CPU = Debug|Any CPU
		Release|Any CPU = Release|Any CPU
	EndGlobalSection
	GlobalSection(ProjectConfigurationPlatforms) = postSolution
		{EAC5EFA8-584A-4030-B2F3-719F941AE1EA}.Debug|Any CPU.ActiveCfg = Debug|Any CPU
		{EAC5EFA8-584A-4030-B2F3-719F941AE1EA}.Debug|Any CPU.Build.0 = Debug|Any CPU
		{EAC5EFA8-584A-4030-B2F3-719F941AE1EA}.Release|Any CPU.ActiveCfg = Release|Any CPU
		{EAC5EFA8-584A-4030-B2F3-719F941AE1EA}.Release|Any CPU.Build.0 = Release|Any CPU
	EndGlobalSection
	GlobalSection(SolutionProperties) = preSolution
		HideSolutionNode = FALSE
	EndGlobalSection
	GlobalSection(ExtensibilityGlobals) = postSolution
		SolutionGuid = {36A3120F-64CF-473D-BEDE-472C264BE799}
	EndGlobalSection
EndGlobal
